
Microsoft Visual Studio Solution File, Format Version 12.00
# Visual Studio Version 16
VisualStudioVersion = 16.0.31911.196
MinimumVisualStudioVersion = 10.0.40219.1
Project("{8BC9CEB8-8B4A-11D0-8D11-00A0C91BC942}") = "fast_vulkan_wrapper", "fast_vulkan_wrapper.vcxproj", "{CE19CF20-3757-4EAE-82B9-FE1A88A07D80}"
EndProject
Global
	GlobalSection(SolutionConfigurationPlatforms) = preSolution
		Debug|x64 = Debug|x64
		Debug|x86 = Debug|x86
		Release|x64 = Release|x64
		Release|x86 = Release|x86
	EndGlobalSection
	GlobalSection(ProjectConfigurationPlatforms) = postSolution
		{CE19CF20-3757-4EAE-82B9-FE1A88A07D80}.Debug|x64.ActiveCfg = Debug|x64
		{CE19CF20-3757-4EAE-82B9-FE1A88A07D80}.Debug|x64.Build.0 = Debug|x64
		{CE19CF20-3757-4EAE-82B9-FE1A88A07D80}.Debug|x86.ActiveCfg = Debug|Win32
		{CE19CF20-3757-4EAE-82B9-FE1A88A07D80}.Debug|x86.Build.0 = Debug|Win32
		{CE19CF20-3757-4EAE-82B9-FE1A88A07D80}.Release|x64.ActiveCfg = Release|x64
		{CE19CF20-3757-4EAE-82B9-FE1A88A07D80}.Release|x64.Build.0 = Release|x64
		{CE19CF20-3757-4EAE-82B9-FE1A88A07D80}.Release|x86.ActiveCfg = Release|Win32
		{CE19CF20-3757-4EAE-82B9-FE1A88A07D80}.Release|x86.Build.0 = Release|Win32
	EndGlobalSection
	GlobalSection(SolutionProperties) = preSolution
		HideSolutionNode = FALSE
	EndGlobalSection
	GlobalSection(ExtensibilityGlobals) = postSolution
		SolutionGuid = {D8DC6098-D4AC-4A81-9B93-2C967A55EEF3}
	EndGlobalSection
EndGlobal
